{
  "name": "altv-sit",
  "version": "1.0.0",
  "lockfileVersion": 2,
  "requires": true,
  "packages": {
    "": {
      "name": "altv-sit",
      "version": "1.0.0",
      "license": "MIT",
      "devDependencies": {
        "@altv/types-client": "^1.8.5",
        "@altv/types-natives": "^1.4.2",
        "@altv/types-shared": "^1.0.5",
        "@altv/types-webview": "^1.0.2"
      }
    },
    "node_modules/@altv/types-client": {
      "version": "1.8.5",
      "resolved": "https://registry.npmjs.org/@altv/types-client/-/types-client-1.8.5.tgz",
      "integrity": "sha512-lXBnC793KL7L9jz8H9dcLsIfCV7TbuZya3mqPnYuErKuDZPBsZblkmfg5ZCa9p8WpzQBtlvPM/MNfgn/3WNb5g==",
      "dev": true,
      "peerDependencies": {
        "@altv/types-shared": "1.0.x"
      }
    },
    "node_modules/@altv/types-natives": {
      "version": "1.4.2",
      "resolved": "https://registry.npmjs.org/@altv/types-natives/-/types-natives-1.4.2.tgz",
      "integrity": "sha512-Dsr2/nXsedi+dYiBb+kUaCKZOZug+9rPl8FViqeCwjLVdUSAJoRtxt2tWjRcuaTJRwmZGA4w1bPA8BtX7yheZQ==",
      "dev": true,
      "peerDependencies": {
        "@altv/types-client": ">=1.7.0"
      }
    },
    "node_modules/@altv/types-shared": {
      "version": "1.0.5",
      "resolved": "https://registry.npmjs.org/@altv/types-shared/-/types-shared-1.0.5.tgz",
      "integrity": "sha512-cVfDaEiRSk1RTRgsRgRCSEO+G+/PLLVlHu7DYeK2/BCfZwnInQ6nDfKWutmX2B7wzBk59+JnjWkVF6qvioFU3Q==",
      "dev": true
    },
    "node_modules/@altv/types-webview": {
      "version": "1.0.2",
      "resolved": "https://registry.npmjs.org/@altv/types-webview/-/types-webview-1.0.2.tgz",
      "integrity": "sha512-3RceTutIDS/XV8YUn/AiSe61BERBb6LfCCQxIcN5bvlh26lPXC0naxtQTcG39pSgj8a5iiVT8LaRNdEZP6JBcA==",
      "dev": true
    }
  },
  "dependencies": {
    "@altv/types-client": {
      "version": "1.8.5",
      "resolved": "https://registry.npmjs.org/@altv/types-client/-/types-client-1.8.5.tgz",
      "integrity": "sha512-lXBnC793KL7L9jz8H9dcLsIfCV7TbuZya3mqPnYuErKuDZPBsZblkmfg5ZCa9p8WpzQBtlvPM/MNfgn/3WNb5g==",
      "dev": true,
      "requires": {}
    },
    "@altv/types-natives": {
      "version": "1.4.2",
      "resolved": "https://registry.npmjs.org/@altv/types-natives/-/types-natives-1.4.2.tgz",
      "integrity": "sha512-Dsr2/nXsedi+dYiBb+kUaCKZOZug+9rPl8FViqeCwjLVdUSAJoRtxt2tWjRcuaTJRwmZGA4w1bPA8BtX7yheZQ==",
      "dev": true,
      "requires": {}
    },
    "@altv/types-shared": {
      "version": "1.0.5",
      "resolved": "https://registry.npmjs.org/@altv/types-shared/-/types-shared-1.0.5.tgz",
      "integrity": "sha512-cVfDaEiRSk1RTRgsRgRCSEO+G+/PLLVlHu7DYeK2/BCfZwnInQ6nDfKWutmX2B7wzBk59+JnjWkVF6qvioFU3Q==",
      "dev": true
    },
    "@altv/types-webview": {
      "version": "1.0.2",
      "resolved": "https://registry.npmjs.org/@altv/types-webview/-/types-webview-1.0.2.tgz",
      "integrity": "sha512-3RceTutIDS/XV8YUn/AiSe61BERBb6LfCCQxIcN5bvlh26lPXC0naxtQTcG39pSgj8a5iiVT8LaRNdEZP6JBcA==",
      "dev": true
    }
  }
}
